
Microsoft Visual Studio Solution File, Format Version 12.00
# Visual Studio Version 16
VisualStudioVersion = 16.0.29519.87
MinimumVisualStudioVersion = 10.0.40219.1
Project("{FAE04EC0-301F-11D3-BF4B-00C04F79EFBC}") = "UnityEngine.UI", "UnityEngine.UI.csproj", "{9AEDA807-B0E1-291B-31CD-C332D19F9DD2}"
EndProject
Project("{FAE04EC0-301F-11D3-BF4B-00C04F79EFBC}") = "UnityEngine.TestRunner", "UnityEngine.TestRunner.csproj", "{9058E666-FD68-2BDA-A79D-F19A5D10DC5E}"
EndProject
Project("{FAE04EC0-301F-11D3-BF4B-00C04F79EFBC}") = "Unity.TextMeshPro", "Unity.TextMeshPro.csproj", "{3716CBD3-4FAA-EBCA-5C34-9B7D1B927FCA}"
EndProject
Project("{FAE04EC0-301F-11D3-BF4B-00C04F79EFBC}") = "Unity.Timeline", "Unity.Timeline.csproj", "{199B67E4-AD32-9AD5-E8A5-9F2B2E93326C}"
EndProject
Project("{FAE04EC0-301F-11D3-BF4B-00C04F79EFBC}") = "~InteractableInterface", "~InteractableInterface.csproj", "{9BF3F4B7-CC0E-45FB-45F5-2B647A2A932B}"
EndProject
Project("{FAE04EC0-301F-11D3-BF4B-00C04F79EFBC}") = "DialogueSystem", "DialogueSystem.csproj", "{64C63A26-6E11-3B72-2C3F-B172915EDAD0}"
EndProject
Project("{FAE04EC0-301F-11D3-BF4B-00C04F79EFBC}") = "~Core", "~Core.csproj", "{354EAF47-F608-D8B1-D75E-1AFE6B6D692A}"
EndProject
Project("{FAE04EC0-301F-11D3-BF4B-00C04F79EFBC}") = "Rythm", "Rythm.csproj", "{A405DFF5-69F4-D895-29C6-2000F8AF12A1}"
EndProject
Project("{FAE04EC0-301F-11D3-BF4B-00C04F79EFBC}") = "~Dialogue_System", "~Dialogue_System.csproj", "{7DB04697-AB7A-3DD9-8E6A-B1E9583A07B9}"
EndProject
Project("{FAE04EC0-301F-11D3-BF4B-00C04F79EFBC}") = "~World", "~World.csproj", "{2FC02305-3629-9C2F-DF84-BC25314168D0}"
EndProject
Project("{FAE04EC0-301F-11D3-BF4B-00C04F79EFBC}") = "Tests", "Tests.csproj", "{00692312-ED5E-6D89-716A-99F13A7DEB2E}"
EndProject
Project("{FAE04EC0-301F-11D3-BF4B-00C04F79EFBC}") = "~Game", "~Game.csproj", "{7D78C81D-0FD2-D4F7-4933-6287F7CF5652}"
EndProject
Project("{FAE04EC0-301F-11D3-BF4B-00C04F79EFBC}") = "~SingletonControl", "~SingletonControl.csproj", "{3FFCABBE-8023-336E-FAA0-7D152DFA442B}"
EndProject
Project("{FAE04EC0-301F-11D3-BF4B-00C04F79EFBC}") = "Cinemachine", "Cinemachine.csproj", "{444E6EE2-C90E-964E-C2B2-93BF064C044E}"
EndProject
Project("{FAE04EC0-301F-11D3-BF4B-00C04F79EFBC}") = "Assembly-CSharp", "Assembly-CSharp.csproj", "{3585FC61-A2F1-4609-F688-AB0E8F8B4F77}"
EndProject
Project("{FAE04EC0-301F-11D3-BF4B-00C04F79EFBC}") = "UnityEditor.TestRunner", "UnityEditor.TestRunner.csproj", "{3827BD03-3FF5-7806-4376-88B54DD7A291}"
EndProject
Project("{FAE04EC0-301F-11D3-BF4B-00C04F79EFBC}") = "Unity.TextMeshPro.Editor", "Unity.TextMeshPro.Editor.csproj", "{D1FA95BB-5775-5815-5358-6D2AA9B23EF1}"
EndProject
Project("{FAE04EC0-301F-11D3-BF4B-00C04F79EFBC}") = "Unity.Timeline.Editor", "Unity.Timeline.Editor.csproj", "{264F350A-2FFD-C493-317F-B891A3089293}"
EndProject
Project("{FAE04EC0-301F-11D3-BF4B-00C04F79EFBC}") = "UnityEditor.UI", "UnityEditor.UI.csproj", "{18010AC0-E4C2-70C2-0B89-F4C4E863B9FE}"
EndProject
Project("{FAE04EC0-301F-11D3-BF4B-00C04F79EFBC}") = "Unity.Rider.Editor", "Unity.Rider.Editor.csproj", "{36BD2383-2582-DC41-659B-73277EB7EDAF}"
EndProject
Project("{FAE04EC0-301F-11D3-BF4B-00C04F79EFBC}") = "Unity.CollabProxy.Editor", "Unity.CollabProxy.Editor.csproj", "{917C5F4F-F6A9-54C0-90DD-1B347C333F4A}"
EndProject
Project("{FAE04EC0-301F-11D3-BF4B-00C04F79EFBC}") = "Unity.VSCode.Editor", "Unity.VSCode.Editor.csproj", "{8D6EBC53-96EC-9B6A-E93A-984AB1DA622E}"
EndProject
Project("{FAE04EC0-301F-11D3-BF4B-00C04F79EFBC}") = "EditModeTests", "EditModeTests.csproj", "{1472AE1F-333F-5B43-B1E5-503F6F467A6B}"
EndProject
Project("{FAE04EC0-301F-11D3-BF4B-00C04F79EFBC}") = "com.unity.cinemachine.editor", "com.unity.cinemachine.editor.csproj", "{457EF047-18BD-E8B7-196F-F1FBFFBB6A29}"
EndProject
Project("{FAE04EC0-301F-11D3-BF4B-00C04F79EFBC}") = "Unity.2D.Tilemap.Editor", "Unity.2D.Tilemap.Editor.csproj", "{7B937E82-E9C6-F4C2-6245-5E1063936C02}"
EndProject
Global
	GlobalSection(SolutionConfigurationPlatforms) = preSolution
		Debug|Any CPU = Debug|Any CPU
		Release|Any CPU = Release|Any CPU
	EndGlobalSection
	GlobalSection(ProjectConfigurationPlatforms) = postSolution
		{9AEDA807-B0E1-291B-31CD-C332D19F9DD2}.Debug|Any CPU.ActiveCfg = Debug|Any CPU
		{9AEDA807-B0E1-291B-31CD-C332D19F9DD2}.Debug|Any CPU.Build.0 = Debug|Any CPU
		{9AEDA807-B0E1-291B-31CD-C332D19F9DD2}.Release|Any CPU.ActiveCfg = Release|Any CPU
		{9AEDA807-B0E1-291B-31CD-C332D19F9DD2}.Release|Any CPU.Build.0 = Release|Any CPU
		{9058E666-FD68-2BDA-A79D-F19A5D10DC5E}.Debug|Any CPU.ActiveCfg = Debug|Any CPU
		{9058E666-FD68-2BDA-A79D-F19A5D10DC5E}.Debug|Any CPU.Build.0 = Debug|Any CPU
		{9058E666-FD68-2BDA-A79D-F19A5D10DC5E}.Release|Any CPU.ActiveCfg = Release|Any CPU
		{9058E666-FD68-2BDA-A79D-F19A5D10DC5E}.Release|Any CPU.Build.0 = Release|Any CPU
		{3716CBD3-4FAA-EBCA-5C34-9B7D1B927FCA}.Debug|Any CPU.ActiveCfg = Debug|Any CPU
		{3716CBD3-4FAA-EBCA-5C34-9B7D1B927FCA}.Debug|Any CPU.Build.0 = Debug|Any CPU
		{3716CBD3-4FAA-EBCA-5C34-9B7D1B927FCA}.Release|Any CPU.ActiveCfg = Release|Any CPU
		{3716CBD3-4FAA-EBCA-5C34-9B7D1B927FCA}.Release|Any CPU.Build.0 = Release|Any CPU
		{199B67E4-AD32-9AD5-E8A5-9F2B2E93326C}.Debug|Any CPU.ActiveCfg = Debug|Any CPU
		{199B67E4-AD32-9AD5-E8A5-9F2B2E93326C}.Debug|Any CPU.Build.0 = Debug|Any CPU
		{199B67E4-AD32-9AD5-E8A5-9F2B2E93326C}.Release|Any CPU.ActiveCfg = Release|Any CPU
		{199B67E4-AD32-9AD5-E8A5-9F2B2E93326C}.Release|Any CPU.Build.0 = Release|Any CPU
		{9BF3F4B7-CC0E-45FB-45F5-2B647A2A932B}.Debug|Any CPU.ActiveCfg = Debug|Any CPU
		{9BF3F4B7-CC0E-45FB-45F5-2B647A2A932B}.Debug|Any CPU.Build.0 = Debug|Any CPU
		{9BF3F4B7-CC0E-45FB-45F5-2B647A2A932B}.Release|Any CPU.ActiveCfg = Release|Any CPU
		{9BF3F4B7-CC0E-45FB-45F5-2B647A2A932B}.Release|Any CPU.Build.0 = Release|Any CPU
		{64C63A26-6E11-3B72-2C3F-B172915EDAD0}.Debug|Any CPU.ActiveCfg = Debug|Any CPU
		{64C63A26-6E11-3B72-2C3F-B172915EDAD0}.Debug|Any CPU.Build.0 = Debug|Any CPU
		{64C63A26-6E11-3B72-2C3F-B172915EDAD0}.Release|Any CPU.ActiveCfg = Release|Any CPU
		{64C63A26-6E11-3B72-2C3F-B172915EDAD0}.Release|Any CPU.Build.0 = Release|Any CPU
		{354EAF47-F608-D8B1-D75E-1AFE6B6D692A}.Debug|Any CPU.ActiveCfg = Debug|Any CPU
		{354EAF47-F608-D8B1-D75E-1AFE6B6D692A}.Debug|Any CPU.Build.0 = Debug|Any CPU
		{354EAF47-F608-D8B1-D75E-1AFE6B6D692A}.Release|Any CPU.ActiveCfg = Release|Any CPU
		{354EAF47-F608-D8B1-D75E-1AFE6B6D692A}.Release|Any CPU.Build.0 = Release|Any CPU
		{A405DFF5-69F4-D895-29C6-2000F8AF12A1}.Debug|Any CPU.ActiveCfg = Debug|Any CPU
		{A405DFF5-69F4-D895-29C6-2000F8AF12A1}.Debug|Any CPU.Build.0 = Debug|Any CPU
		{A405DFF5-69F4-D895-29C6-2000F8AF12A1}.Release|Any CPU.ActiveCfg = Release|Any CPU
		{A405DFF5-69F4-D895-29C6-2000F8AF12A1}.Release|Any CPU.Build.0 = Release|Any CPU
		{7DB04697-AB7A-3DD9-8E6A-B1E9583A07B9}.Debug|Any CPU.ActiveCfg = Debug|Any CPU
		{7DB04697-AB7A-3DD9-8E6A-B1E9583A07B9}.Debug|Any CPU.Build.0 = Debug|Any CPU
		{7DB04697-AB7A-3DD9-8E6A-B1E9583A07B9}.Release|Any CPU.ActiveCfg = Release|Any CPU
		{7DB04697-AB7A-3DD9-8E6A-B1E9583A07B9}.Release|Any CPU.Build.0 = Release|Any CPU
		{2FC02305-3629-9C2F-DF84-BC25314168D0}.Debug|Any CPU.ActiveCfg = Debug|Any CPU
		{2FC02305-3629-9C2F-DF84-BC25314168D0}.Debug|Any CPU.Build.0 = Debug|Any CPU
		{2FC02305-3629-9C2F-DF84-BC25314168D0}.Release|Any CPU.ActiveCfg = Release|Any CPU
		{2FC02305-3629-9C2F-DF84-BC25314168D0}.Release|Any CPU.Build.0 = Release|Any CPU
		{00692312-ED5E-6D89-716A-99F13A7DEB2E}.Debug|Any CPU.ActiveCfg = Debug|Any CPU
		{00692312-ED5E-6D89-716A-99F13A7DEB2E}.Debug|Any CPU.Build.0 = Debug|Any CPU
		{00692312-ED5E-6D89-716A-99F13A7DEB2E}.Release|Any CPU.ActiveCfg = Release|Any CPU
		{00692312-ED5E-6D89-716A-99F13A7DEB2E}.Release|Any CPU.Build.0 = Release|Any CPU
		{7D78C81D-0FD2-D4F7-4933-6287F7CF5652}.Debug|Any CPU.ActiveCfg = Debug|Any CPU
		{7D78C81D-0FD2-D4F7-4933-6287F7CF5652}.Debug|Any CPU.Build.0 = Debug|Any CPU
		{7D78C81D-0FD2-D4F7-4933-6287F7CF5652}.Release|Any CPU.ActiveCfg = Release|Any CPU
		{7D78C81D-0FD2-D4F7-4933-6287F7CF5652}.Release|Any CPU.Build.0 = Release|Any CPU
		{3FFCABBE-8023-336E-FAA0-7D152DFA442B}.Debug|Any CPU.ActiveCfg = Debug|Any CPU
		{3FFCABBE-8023-336E-FAA0-7D152DFA442B}.Debug|Any CPU.Build.0 = Debug|Any CPU
		{3FFCABBE-8023-336E-FAA0-7D152DFA442B}.Release|Any CPU.ActiveCfg = Release|Any CPU
		{3FFCABBE-8023-336E-FAA0-7D152DFA442B}.Release|Any CPU.Build.0 = Release|Any CPU
		{444E6EE2-C90E-964E-C2B2-93BF064C044E}.Debug|Any CPU.ActiveCfg = Debug|Any CPU
		{444E6EE2-C90E-964E-C2B2-93BF064C044E}.Debug|Any CPU.Build.0 = Debug|Any CPU
		{444E6EE2-C90E-964E-C2B2-93BF064C044E}.Release|Any CPU.ActiveCfg = Release|Any CPU
		{444E6EE2-C90E-964E-C2B2-93BF064C044E}.Release|Any CPU.Build.0 = Release|Any CPU
		{3585FC61-A2F1-4609-F688-AB0E8F8B4F77}.Debug|Any CPU.ActiveCfg = Debug|Any CPU
		{3585FC61-A2F1-4609-F688-AB0E8F8B4F77}.Debug|Any CPU.Build.0 = Debug|Any CPU
		{3585FC61-A2F1-4609-F688-AB0E8F8B4F77}.Release|Any CPU.ActiveCfg = Release|Any CPU
		{3585FC61-A2F1-4609-F688-AB0E8F8B4F77}.Release|Any CPU.Build.0 = Release|Any CPU
		{3827BD03-3FF5-7806-4376-88B54DD7A291}.Debug|Any CPU.ActiveCfg = Debug|Any CPU
		{3827BD03-3FF5-7806-4376-88B54DD7A291}.Debug|Any CPU.Build.0 = Debug|Any CPU
		{3827BD03-3FF5-7806-4376-88B54DD7A291}.Release|Any CPU.ActiveCfg = Release|Any CPU
		{3827BD03-3FF5-7806-4376-88B54DD7A291}.Release|Any CPU.Build.0 = Release|Any CPU
		{D1FA95BB-5775-5815-5358-6D2AA9B23EF1}.Debug|Any CPU.ActiveCfg = Debug|Any CPU
		{D1FA95BB-5775-5815-5358-6D2AA9B23EF1}.Debug|Any CPU.Build.0 = Debug|Any CPU
		{D1FA95BB-5775-5815-5358-6D2AA9B23EF1}.Release|Any CPU.ActiveCfg = Release|Any CPU
		{D1FA95BB-5775-5815-5358-6D2AA9B23EF1}.Release|Any CPU.Build.0 = Release|Any CPU
		{264F350A-2FFD-C493-317F-B891A3089293}.Debug|Any CPU.ActiveCfg = Debug|Any CPU
		{264F350A-2FFD-C493-317F-B891A3089293}.Debug|Any CPU.Build.0 = Debug|Any CPU
		{264F350A-2FFD-C493-317F-B891A3089293}.Release|Any CPU.ActiveCfg = Release|Any CPU
		{264F350A-2FFD-C493-317F-B891A3089293}.Release|Any CPU.Build.0 = Release|Any CPU
		{18010AC0-E4C2-70C2-0B89-F4C4E863B9FE}.Debug|Any CPU.ActiveCfg = Debug|Any CPU
		{18010AC0-E4C2-70C2-0B89-F4C4E863B9FE}.Debug|Any CPU.Build.0 = Debug|Any CPU
		{18010AC0-E4C2-70C2-0B89-F4C4E863B9FE}.Release|Any CPU.ActiveCfg = Release|Any CPU
		{18010AC0-E4C2-70C2-0B89-F4C4E863B9FE}.Release|Any CPU.Build.0 = Release|Any CPU
		{36BD2383-2582-DC41-659B-73277EB7EDAF}.Debug|Any CPU.ActiveCfg = Debug|Any CPU
		{36BD2383-2582-DC41-659B-73277EB7EDAF}.Debug|Any CPU.Build.0 = Debug|Any CPU
		{36BD2383-2582-DC41-659B-73277EB7EDAF}.Release|Any CPU.ActiveCfg = Release|Any CPU
		{36BD2383-2582-DC41-659B-73277EB7EDAF}.Release|Any CPU.Build.0 = Release|Any CPU
		{917C5F4F-F6A9-54C0-90DD-1B347C333F4A}.Debug|Any CPU.ActiveCfg = Debug|Any CPU
		{917C5F4F-F6A9-54C0-90DD-1B347C333F4A}.Debug|Any CPU.Build.0 = Debug|Any CPU
		{917C5F4F-F6A9-54C0-90DD-1B347C333F4A}.Release|Any CPU.ActiveCfg = Release|Any CPU
		{917C5F4F-F6A9-54C0-90DD-1B347C333F4A}.Release|Any CPU.Build.0 = Release|Any CPU
		{8D6EBC53-96EC-9B6A-E93A-984AB1DA622E}.Debug|Any CPU.ActiveCfg = Debug|Any CPU
		{8D6EBC53-96EC-9B6A-E93A-984AB1DA622E}.Debug|Any CPU.Build.0 = Debug|Any CPU
		{8D6EBC53-96EC-9B6A-E93A-984AB1DA622E}.Release|Any CPU.ActiveCfg = Release|Any CPU
		{8D6EBC53-96EC-9B6A-E93A-984AB1DA622E}.Release|Any CPU.Build.0 = Release|Any CPU
		{1472AE1F-333F-5B43-B1E5-503F6F467A6B}.Debug|Any CPU.ActiveCfg = Debug|Any CPU
		{1472AE1F-333F-5B43-B1E5-503F6F467A6B}.Debug|Any CPU.Build.0 = Debug|Any CPU
		{1472AE1F-333F-5B43-B1E5-503F6F467A6B}.Release|Any CPU.ActiveCfg = Release|Any CPU
		{1472AE1F-333F-5B43-B1E5-503F6F467A6B}.Release|Any CPU.Build.0 = Release|Any CPU
		{457EF047-18BD-E8B7-196F-F1FBFFBB6A29}.Debug|Any CPU.ActiveCfg = Debug|Any CPU
		{457EF047-18BD-E8B7-196F-F1FBFFBB6A29}.Debug|Any CPU.Build.0 = Debug|Any CPU
		{457EF047-18BD-E8B7-196F-F1FBFFBB6A29}.Release|Any CPU.ActiveCfg = Release|Any CPU
		{457EF047-18BD-E8B7-196F-F1FBFFBB6A29}.Release|Any CPU.Build.0 = Release|Any CPU
		{7B937E82-E9C6-F4C2-6245-5E1063936C02}.Debug|Any CPU.ActiveCfg = Debug|Any CPU
		{7B937E82-E9C6-F4C2-6245-5E1063936C02}.Debug|Any CPU.Build.0 = Debug|Any CPU
		{7B937E82-E9C6-F4C2-6245-5E1063936C02}.Release|Any CPU.ActiveCfg = Release|Any CPU
		{7B937E82-E9C6-F4C2-6245-5E1063936C02}.Release|Any CPU.Build.0 = Release|Any CPU
	EndGlobalSection
	GlobalSection(SolutionProperties) = preSolution
		HideSolutionNode = FALSE
	EndGlobalSection
	GlobalSection(ExtensibilityGlobals) = postSolution
		SolutionGuid = {436C4A66-8246-404D-BAC7-6CE74FE3E68F}
	EndGlobalSection
EndGlobal
