
Microsoft Visual Studio Solution File, Format Version 12.00
# Visual Studio 15
VisualStudioVersion = 15.0.28010.2050
MinimumVisualStudioVersion = 10.0.40219.1
Project("{FAE04EC0-301F-11D3-BF4B-00C04F79EFBC}") = "Assembly-CSharp", "Assembly-CSharp.csproj", "{EBE27045-1DD6-24B2-BAED-A18AA0A09C84}"
EndProject
Project("{FAE04EC0-301F-11D3-BF4B-00C04F79EFBC}") = "~Core", "~Core.csproj", "{52E0881F-85E4-2E6E-65A3-865A275E851A}"
EndProject
Project("{FAE04EC0-301F-11D3-BF4B-00C04F79EFBC}") = "Rythm", "Rythm.csproj", "{12BA2B9B-F977-257D-A770-C239B2421B56}"
EndProject
Project("{FAE04EC0-301F-11D3-BF4B-00C04F79EFBC}") = "DialogueSystem", "DialogueSystem.csproj", "{0527EC8D-3EA8-7CAB-C599-DB1516F5E7FB}"
EndProject
Project("{FAE04EC0-301F-11D3-BF4B-00C04F79EFBC}") = "Tests", "Tests.csproj", "{563B96ED-7BA3-57CD-09DF-ED3F6C4D1704}"
EndProject
Project("{FAE04EC0-301F-11D3-BF4B-00C04F79EFBC}") = "~Game", "~Game.csproj", "{41F7CEBF-7F01-D2DE-B85B-182DCD0C801B}"
EndProject
Project("{FAE04EC0-301F-11D3-BF4B-00C04F79EFBC}") = "~SingletonControl", "~SingletonControl.csproj", "{D22C9057-4BBC-4A8F-B3CB-705D5602A925}"
EndProject
Project("{FAE04EC0-301F-11D3-BF4B-00C04F79EFBC}") = "EditModeTests", "EditModeTests.csproj", "{8EBA6B69-078A-1B14-2D1D-D1DD5E66BEC6}"
EndProject
Global
	GlobalSection(SolutionConfigurationPlatforms) = preSolution
		Debug|Any CPU = Debug|Any CPU
		Release|Any CPU = Release|Any CPU
	EndGlobalSection
	GlobalSection(ProjectConfigurationPlatforms) = postSolution
		{EBE27045-1DD6-24B2-BAED-A18AA0A09C84}.Debug|Any CPU.ActiveCfg = Debug|Any CPU
		{EBE27045-1DD6-24B2-BAED-A18AA0A09C84}.Debug|Any CPU.Build.0 = Debug|Any CPU
		{EBE27045-1DD6-24B2-BAED-A18AA0A09C84}.Release|Any CPU.ActiveCfg = Release|Any CPU
		{EBE27045-1DD6-24B2-BAED-A18AA0A09C84}.Release|Any CPU.Build.0 = Release|Any CPU
		{52E0881F-85E4-2E6E-65A3-865A275E851A}.Debug|Any CPU.ActiveCfg = Debug|Any CPU
		{52E0881F-85E4-2E6E-65A3-865A275E851A}.Debug|Any CPU.Build.0 = Debug|Any CPU
		{52E0881F-85E4-2E6E-65A3-865A275E851A}.Release|Any CPU.ActiveCfg = Release|Any CPU
		{52E0881F-85E4-2E6E-65A3-865A275E851A}.Release|Any CPU.Build.0 = Release|Any CPU
		{12BA2B9B-F977-257D-A770-C239B2421B56}.Debug|Any CPU.ActiveCfg = Debug|Any CPU
		{12BA2B9B-F977-257D-A770-C239B2421B56}.Debug|Any CPU.Build.0 = Debug|Any CPU
		{12BA2B9B-F977-257D-A770-C239B2421B56}.Release|Any CPU.ActiveCfg = Release|Any CPU
		{12BA2B9B-F977-257D-A770-C239B2421B56}.Release|Any CPU.Build.0 = Release|Any CPU
		{0527EC8D-3EA8-7CAB-C599-DB1516F5E7FB}.Debug|Any CPU.ActiveCfg = Debug|Any CPU
		{0527EC8D-3EA8-7CAB-C599-DB1516F5E7FB}.Debug|Any CPU.Build.0 = Debug|Any CPU
		{0527EC8D-3EA8-7CAB-C599-DB1516F5E7FB}.Release|Any CPU.ActiveCfg = Release|Any CPU
		{0527EC8D-3EA8-7CAB-C599-DB1516F5E7FB}.Release|Any CPU.Build.0 = Release|Any CPU
		{563B96ED-7BA3-57CD-09DF-ED3F6C4D1704}.Debug|Any CPU.ActiveCfg = Debug|Any CPU
		{563B96ED-7BA3-57CD-09DF-ED3F6C4D1704}.Debug|Any CPU.Build.0 = Debug|Any CPU
		{563B96ED-7BA3-57CD-09DF-ED3F6C4D1704}.Release|Any CPU.ActiveCfg = Release|Any CPU
		{563B96ED-7BA3-57CD-09DF-ED3F6C4D1704}.Release|Any CPU.Build.0 = Release|Any CPU
		{41F7CEBF-7F01-D2DE-B85B-182DCD0C801B}.Debug|Any CPU.ActiveCfg = Debug|Any CPU
		{41F7CEBF-7F01-D2DE-B85B-182DCD0C801B}.Debug|Any CPU.Build.0 = Debug|Any CPU
		{41F7CEBF-7F01-D2DE-B85B-182DCD0C801B}.Release|Any CPU.ActiveCfg = Release|Any CPU
		{41F7CEBF-7F01-D2DE-B85B-182DCD0C801B}.Release|Any CPU.Build.0 = Release|Any CPU
		{D22C9057-4BBC-4A8F-B3CB-705D5602A925}.Debug|Any CPU.ActiveCfg = Debug|Any CPU
		{D22C9057-4BBC-4A8F-B3CB-705D5602A925}.Debug|Any CPU.Build.0 = Debug|Any CPU
		{D22C9057-4BBC-4A8F-B3CB-705D5602A925}.Release|Any CPU.ActiveCfg = Release|Any CPU
		{D22C9057-4BBC-4A8F-B3CB-705D5602A925}.Release|Any CPU.Build.0 = Release|Any CPU
		{8EBA6B69-078A-1B14-2D1D-D1DD5E66BEC6}.Debug|Any CPU.ActiveCfg = Debug|Any CPU
		{8EBA6B69-078A-1B14-2D1D-D1DD5E66BEC6}.Debug|Any CPU.Build.0 = Debug|Any CPU
		{8EBA6B69-078A-1B14-2D1D-D1DD5E66BEC6}.Release|Any CPU.ActiveCfg = Release|Any CPU
		{8EBA6B69-078A-1B14-2D1D-D1DD5E66BEC6}.Release|Any CPU.Build.0 = Release|Any CPU
	EndGlobalSection
	GlobalSection(SolutionProperties) = preSolution
		HideSolutionNode = FALSE
	EndGlobalSection
	GlobalSection(ExtensibilityGlobals) = postSolution
		SolutionGuid = {D78F8904-6E1F-4794-9668-69024782E04E}
	EndGlobalSection
EndGlobal
